<?xml version="1.0" encoding="utf-8"?>
<Project ToolsVersion="4.0" xmlns="http://schemas.microsoft.com/developer/msbuild/2003">
  <ItemGroup>
    <Filter Include="Components">
      <UniqueIdentifier>{6B7DD516-5735-1764-C03C-F0BFAC13B254}</UniqueIdentifier>
    </Filter>
    <Filter Include="Data">
      <UniqueIdentifier>{3F05847C-2B3C-850D-D428-6B10C03E010F}</UniqueIdentifier>
    </Filter>
    <Filter Include="utility">
      <UniqueIdentifier>{79DE5C48-E5BD-DBE3-EED5-66BA5A344245}</UniqueIdentifier>
    </Filter>
  </ItemGroup>
  <ItemGroup>
    <ClInclude Include="Components\Camera.h">
      <Filter>Components</Filter>
    </ClInclude>
    <ClInclude Include="Data\Mesh.h">
      <Filter>Data</Filter>
    </ClInclude>
    <ClInclude Include="Engine.h" />
    <ClInclude Include="utility\ConsoleLogging.h">
      <Filter>utility</Filter>
    </ClInclude>
    <ClInclude Include="utility\Conversion.h">
      <Filter>utility</Filter>
    </ClInclude>
  </ItemGroup>
  <ItemGroup>
    <ClCompile Include="Engine.cpp" />
    <ClCompile Include="utility\ConsoleLogging.cpp">
      <Filter>utility</Filter>
    </ClCompile>
  </ItemGroup>
</Project>